{
  "name": "claude-flow-enhanced",
  "version": "3.0.0-enhanced.1",
  "lockfileVersion": 3,
  "requires": true,
  "packages": {
    "": {
      "name": "claude-flow-enhanced",
      "version": "3.0.0-enhanced.1",
      "license": "MIT",
      "dependencies": {
        "dotenv": "^16.0.0"
      },
      "bin": {
        "claude-flow-enhanced": "src/enhanced/enhanced-features.js",
        "claude-innovate": "src/innovation/innovation-framework.js",
        "claude-onboarding": "src/onboarding/guided-onboarding.js"
      },
      "engines": {
        "node": ">=20.0.0",
        "npm": ">=9.0.0"
      }
    },
    "../../ruv-swarm/npm": {
      "extraneous": true
    },
    "node_modules/dotenv": {
      "version": "16.6.1",
      "resolved": "https://registry.npmjs.org/dotenv/-/dotenv-16.6.1.tgz",
      "integrity": "sha512-uBq4egWHTcTt33a72vpSG0z3HnPuIl6NqYcTrKEg2azoEyl2hpW0zqlxysq2pK9HlDIHyHyakeYaYnSAwd8bow==",
      "license": "BSD-2-Clause",
      "engines": {
        "node": ">=12"
      },
      "funding": {
        "url": "https://dotenvx.com"
      }
    }
  }
}
